<!-- SPDX-FileCopyrightText: 2026 Neil Kimber and Legacy EHR Modernization Project contributors -->
<!-- SPDX-License-Identifier: GPL-3.0-or-later -->

<Solution>
  <Folder Name="/backend/" />
  <Folder Name="/backend/src/">
    <Project Path="backend/src/AvenChart.Api/AvenChart.Api.csproj" />
  </Folder>
</Solution>
